
Microsoft Visual Studio Solution File, Format Version 11.00
# Visual Studio 2010
Project("{FAE04EC0-301F-11D3-BF4B-00C04F79EFBC}") = "SilverlightClient", "SilverlightClient\SilverlightClient.csproj", "{4FF0980E-D917-4E7D-B118-BB782A23A74C}"
	ProjectSection(ProjectDependencies) = postProject
		{C8D23330-179A-4FBF-AB00-7C486F0B90AE} = {C8D23330-179A-4FBF-AB00-7C486F0B90AE}
		{52B69DC6-CD2F-41C0-8236-2FA4EF1DE60D} = {52B69DC6-CD2F-41C0-8236-2FA4EF1DE60D}
		{1D7394FF-E32B-46ED-93E8-220FB1F22552} = {1D7394FF-E32B-46ED-93E8-220FB1F22552}
	EndProjectSection
EndProject
Project("{FAE04EC0-301F-11D3-BF4B-00C04F79EFBC}") = "SilverlightClient.Web", "SilverlightClient.Web\SilverlightClient.Web.csproj", "{52B69DC6-CD2F-41C0-8236-2FA4EF1DE60D}"
EndProject
Project("{FAE04EC0-301F-11D3-BF4B-00C04F79EFBC}") = "ResponseServer", "ResponseServer\ResponseServer.csproj", "{944737E4-69D1-4F48-9679-F2D38020F488}"
EndProject
Project("{FAE04EC0-301F-11D3-BF4B-00C04F79EFBC}") = "ResponseServer.Web", "ResponseServer.Web\ResponseServer.Web.csproj", "{C8D23330-179A-4FBF-AB00-7C486F0B90AE}"
EndProject
Project("{2150E333-8FDC-42A3-9474-1A3956D46DE8}") = "Response Server", "Response Server", "{F865316A-0F1E-4870-B4B3-0DDFD8137EFD}"
EndProject
Project("{2150E333-8FDC-42A3-9474-1A3956D46DE8}") = "Silverlight Client", "Silverlight Client", "{21E0734A-DAE8-42CC-9205-9BDA373DC07F}"
EndProject
Project("{FAE04EC0-301F-11D3-BF4B-00C04F79EFBC}") = "ResponseServer.Messages", "ResponseServer.Messages\ResponseServer.Messages.csproj", "{5197731E-639B-4A59-BE21-F4F462BAD6BE}"
EndProject
Project("{2150E333-8FDC-42A3-9474-1A3956D46DE8}") = "Request Server", "Request Server", "{1A93DFAB-32DA-4EB3-B7F1-7FA6F6072F06}"
EndProject
Project("{FAE04EC0-301F-11D3-BF4B-00C04F79EFBC}") = "RequestServer", "RequestServer\RequestServer.csproj", "{A9654386-4EA4-4FED-B9F9-5CFD8CBB079F}"
EndProject
Project("{FAE04EC0-301F-11D3-BF4B-00C04F79EFBC}") = "RequestServer.Messages", "RequestServer.Messages\RequestServer.Messages.csproj", "{5598E0AB-FD4A-439A-A179-F87B936ABEC6}"
EndProject
Project("{FAE04EC0-301F-11D3-BF4B-00C04F79EFBC}") = "RequestServer.Web", "RequestServer.Web\RequestServer.Web.csproj", "{1D7394FF-E32B-46ED-93E8-220FB1F22552}"
EndProject
Global
	GlobalSection(SolutionConfigurationPlatforms) = preSolution
		Debug|Any CPU = Debug|Any CPU
		Release|Any CPU = Release|Any CPU
	EndGlobalSection
	GlobalSection(ProjectConfigurationPlatforms) = postSolution
		{4FF0980E-D917-4E7D-B118-BB782A23A74C}.Debug|Any CPU.ActiveCfg = Debug|Any CPU
		{4FF0980E-D917-4E7D-B118-BB782A23A74C}.Debug|Any CPU.Build.0 = Debug|Any CPU
		{4FF0980E-D917-4E7D-B118-BB782A23A74C}.Release|Any CPU.ActiveCfg = Release|Any CPU
		{4FF0980E-D917-4E7D-B118-BB782A23A74C}.Release|Any CPU.Build.0 = Release|Any CPU
		{52B69DC6-CD2F-41C0-8236-2FA4EF1DE60D}.Debug|Any CPU.ActiveCfg = Debug|Any CPU
		{52B69DC6-CD2F-41C0-8236-2FA4EF1DE60D}.Debug|Any CPU.Build.0 = Debug|Any CPU
		{52B69DC6-CD2F-41C0-8236-2FA4EF1DE60D}.Release|Any CPU.ActiveCfg = Release|Any CPU
		{52B69DC6-CD2F-41C0-8236-2FA4EF1DE60D}.Release|Any CPU.Build.0 = Release|Any CPU
		{944737E4-69D1-4F48-9679-F2D38020F488}.Debug|Any CPU.ActiveCfg = Debug|Any CPU
		{944737E4-69D1-4F48-9679-F2D38020F488}.Debug|Any CPU.Build.0 = Debug|Any CPU
		{944737E4-69D1-4F48-9679-F2D38020F488}.Release|Any CPU.ActiveCfg = Release|Any CPU
		{944737E4-69D1-4F48-9679-F2D38020F488}.Release|Any CPU.Build.0 = Release|Any CPU
		{C8D23330-179A-4FBF-AB00-7C486F0B90AE}.Debug|Any CPU.ActiveCfg = Debug|Any CPU
		{C8D23330-179A-4FBF-AB00-7C486F0B90AE}.Debug|Any CPU.Build.0 = Debug|Any CPU
		{C8D23330-179A-4FBF-AB00-7C486F0B90AE}.Release|Any CPU.ActiveCfg = Release|Any CPU
		{C8D23330-179A-4FBF-AB00-7C486F0B90AE}.Release|Any CPU.Build.0 = Release|Any CPU
		{5197731E-639B-4A59-BE21-F4F462BAD6BE}.Debug|Any CPU.ActiveCfg = Debug|Any CPU
		{5197731E-639B-4A59-BE21-F4F462BAD6BE}.Debug|Any CPU.Build.0 = Debug|Any CPU
		{5197731E-639B-4A59-BE21-F4F462BAD6BE}.Release|Any CPU.ActiveCfg = Release|Any CPU
		{5197731E-639B-4A59-BE21-F4F462BAD6BE}.Release|Any CPU.Build.0 = Release|Any CPU
		{A9654386-4EA4-4FED-B9F9-5CFD8CBB079F}.Debug|Any CPU.ActiveCfg = Debug|Any CPU
		{A9654386-4EA4-4FED-B9F9-5CFD8CBB079F}.Debug|Any CPU.Build.0 = Debug|Any CPU
		{A9654386-4EA4-4FED-B9F9-5CFD8CBB079F}.Release|Any CPU.ActiveCfg = Release|Any CPU
		{A9654386-4EA4-4FED-B9F9-5CFD8CBB079F}.Release|Any CPU.Build.0 = Release|Any CPU
		{5598E0AB-FD4A-439A-A179-F87B936ABEC6}.Debug|Any CPU.ActiveCfg = Debug|Any CPU
		{5598E0AB-FD4A-439A-A179-F87B936ABEC6}.Debug|Any CPU.Build.0 = Debug|Any CPU
		{5598E0AB-FD4A-439A-A179-F87B936ABEC6}.Release|Any CPU.ActiveCfg = Release|Any CPU
		{5598E0AB-FD4A-439A-A179-F87B936ABEC6}.Release|Any CPU.Build.0 = Release|Any CPU
		{1D7394FF-E32B-46ED-93E8-220FB1F22552}.Debug|Any CPU.ActiveCfg = Debug|Any CPU
		{1D7394FF-E32B-46ED-93E8-220FB1F22552}.Debug|Any CPU.Build.0 = Debug|Any CPU
		{1D7394FF-E32B-46ED-93E8-220FB1F22552}.Release|Any CPU.ActiveCfg = Release|Any CPU
		{1D7394FF-E32B-46ED-93E8-220FB1F22552}.Release|Any CPU.Build.0 = Release|Any CPU
	EndGlobalSection
	GlobalSection(SolutionProperties) = preSolution
		HideSolutionNode = FALSE
	EndGlobalSection
	GlobalSection(NestedProjects) = preSolution
		{52B69DC6-CD2F-41C0-8236-2FA4EF1DE60D} = {21E0734A-DAE8-42CC-9205-9BDA373DC07F}
		{4FF0980E-D917-4E7D-B118-BB782A23A74C} = {21E0734A-DAE8-42CC-9205-9BDA373DC07F}
		{C8D23330-179A-4FBF-AB00-7C486F0B90AE} = {F865316A-0F1E-4870-B4B3-0DDFD8137EFD}
		{944737E4-69D1-4F48-9679-F2D38020F488} = {F865316A-0F1E-4870-B4B3-0DDFD8137EFD}
		{5197731E-639B-4A59-BE21-F4F462BAD6BE} = {F865316A-0F1E-4870-B4B3-0DDFD8137EFD}
		{A9654386-4EA4-4FED-B9F9-5CFD8CBB079F} = {1A93DFAB-32DA-4EB3-B7F1-7FA6F6072F06}
		{5598E0AB-FD4A-439A-A179-F87B936ABEC6} = {1A93DFAB-32DA-4EB3-B7F1-7FA6F6072F06}
		{1D7394FF-E32B-46ED-93E8-220FB1F22552} = {1A93DFAB-32DA-4EB3-B7F1-7FA6F6072F06}
	EndGlobalSection
EndGlobal
